// !$*UTF8*$!
{
	archiveVersion = 1;
	classes = {
	};
	objectVersion = 56;
	objects = {

/* Begin PBXBuildFile section */
		5CEC2A332AD82A18003DF871 /* FortuneWheel in Frameworks */ = {isa = PBXBuildFile; productRef = 5CEC2A322AD82A18003DF871 /* FortuneWheel */; };
		71BEFB912AD426C8007DD1A6 /* CraveApp.swift in Sources */ = {isa = PBXBuildFile; fileRef = 71BEFB902AD426C8007DD1A6 /* CraveApp.swift */; };
		71BEFB932AD426C8007DD1A6 /* ContentView.swift in Sources */ = {isa = PBXBuildFile; fileRef = 71BEFB922AD426C8007DD1A6 /* ContentView.swift */; };
		71BEFB952AD426C9007DD1A6 /* Assets.xcassets in Resources */ = {isa = PBXBuildFile; fileRef = 71BEFB942AD426C9007DD1A6 /* Assets.xcassets */; };
		71BEFB982AD426C9007DD1A6 /* Preview Assets.xcassets in Resources */ = {isa = PBXBuildFile; fileRef = 71BEFB972AD426C9007DD1A6 /* Preview Assets.xcassets */; };
		71BEFBA22AD426C9007DD1A6 /* CraveTests.swift in Sources */ = {isa = PBXBuildFile; fileRef = 71BEFBA12AD426C9007DD1A6 /* CraveTests.swift */; };
		71BEFBAC2AD426C9007DD1A6 /* CraveUITests.swift in Sources */ = {isa = PBXBuildFile; fileRef = 71BEFBAB2AD426C9007DD1A6 /* CraveUITests.swift */; };
		71BEFBAE2AD426C9007DD1A6 /* CraveUITestsLaunchTests.swift in Sources */ = {isa = PBXBuildFile; fileRef = 71BEFBAD2AD426C9007DD1A6 /* CraveUITestsLaunchTests.swift */; };
		71E2CBBE2ADC207C006A3066 /* Swipe.swift in Sources */ = {isa = PBXBuildFile; fileRef = 71E2CBBD2ADC207C006A3066 /* Swipe.swift */; };
		B162B5C52ADD6103000C634F /* PF CHANGS .swift in Sources */ = {isa = PBXBuildFile; fileRef = B162B5B52ADD6103000C634F /* PF CHANGS .swift */; };
		B162B5C62ADD6103000C634F /* Restaurant_InformationApp.swift in Sources */ = {isa = PBXBuildFile; fileRef = B162B5B62ADD6103000C634F /* Restaurant_InformationApp.swift */; };
		B162B5C72ADD6103000C634F /* EL CAMINO .swift in Sources */ = {isa = PBXBuildFile; fileRef = B162B5B72ADD6103000C634F /* EL CAMINO .swift */; };
		B162B5C82ADD6103000C634F /* FIRE GRIL .swift in Sources */ = {isa = PBXBuildFile; fileRef = B162B5B82ADD6103000C634F /* FIRE GRIL .swift */; };
		B162B5C92ADD6103000C634F /* AMIGOS.swift in Sources */ = {isa = PBXBuildFile; fileRef = B162B5B92ADD6103000C634F /* AMIGOS.swift */; };
		B162B5CA2ADD6103000C634F /* TACOSON.swift in Sources */ = {isa = PBXBuildFile; fileRef = B162B5BA2ADD6103000C634F /* TACOSON.swift */; };
		B162B5CB2ADD6103000C634F /* mohalla.swift in Sources */ = {isa = PBXBuildFile; fileRef = B162B5BB2ADD6103000C634F /* mohalla.swift */; };
		B162B5CC2ADD6103000C634F /* mcdonalds.swift in Sources */ = {isa = PBXBuildFile; fileRef = B162B5BC2ADD6103000C634F /* mcdonalds.swift */; };
		B162B5CD2ADD6103000C634F /* MEXIKA.swift in Sources */ = {isa = PBXBuildFile; fileRef = B162B5BD2ADD6103000C634F /* MEXIKA.swift */; };
		B162B5CE2ADD6103000C634F /* EL PLACER .swift in Sources */ = {isa = PBXBuildFile; fileRef = B162B5BE2ADD6103000C634F /* EL PLACER .swift */; };
		B162B5CF2ADD6103000C634F /* TACO HUT .swift in Sources */ = {isa = PBXBuildFile; fileRef = B162B5BF2ADD6103000C634F /* TACO HUT .swift */; };
		B162B5D02ADD6103000C634F /* Tacoville.swift in Sources */ = {isa = PBXBuildFile; fileRef = B162B5C02ADD6103000C634F /* Tacoville.swift */; };
		B162B5D12ADD6103000C634F /* DON RUBEN .swift in Sources */ = {isa = PBXBuildFile; fileRef = B162B5C12ADD6103000C634F /* DON RUBEN .swift */; };
		B162B5D22ADD6103000C634F /* Takya.swift in Sources */ = {isa = PBXBuildFile; fileRef = B162B5C22ADD6103000C634F /* Takya.swift */; };
		B162B5D32ADD6103000C634F /* Piatto.swift in Sources */ = {isa = PBXBuildFile; fileRef = B162B5C32ADD6103000C634F /* Piatto.swift */; };
		B162B5D42ADD6103000C634F /* Chilis.swift in Sources */ = {isa = PBXBuildFile; fileRef = B162B5C42ADD6103000C634F /* Chilis.swift */; };
		EC038A1B2ADC2A34007BC8DD /* American.swift in Sources */ = {isa = PBXBuildFile; fileRef = EC038A1A2ADC2A34007BC8DD /* American.swift */; };
		EC038A1D2ADC2A50007BC8DD /* Asian.swift in Sources */ = {isa = PBXBuildFile; fileRef = EC038A1C2ADC2A50007BC8DD /* Asian.swift */; };
		EC038A1F2ADC2A68007BC8DD /* Indian.swift in Sources */ = {isa = PBXBuildFile; fileRef = EC038A1E2ADC2A68007BC8DD /* Indian.swift */; };
		EC038A212ADC2A87007BC8DD /* Italian.swift in Sources */ = {isa = PBXBuildFile; fileRef = EC038A202ADC2A87007BC8DD /* Italian.swift */; };
		EC038A232ADC2AA9007BC8DD /* Khaleeji.swift in Sources */ = {isa = PBXBuildFile; fileRef = EC038A222ADC2AA9007BC8DD /* Khaleeji.swift */; };
		EC038A252ADC2AC4007BC8DD /* Mexican.swift in Sources */ = {isa = PBXBuildFile; fileRef = EC038A242ADC2AC4007BC8DD /* Mexican.swift */; };
		EC038A272ADC3374007BC8DD /* Cuisines.swift in Sources */ = {isa = PBXBuildFile; fileRef = EC038A262ADC3373007BC8DD /* Cuisines.swift */; };
		EC038A292ADC678D007BC8DD /* Welcome.swift in Sources */ = {isa = PBXBuildFile; fileRef = EC038A282ADC678D007BC8DD /* Welcome.swift */; };
		EFB70A872AD437D10068FCBC /* File.swift in Sources */ = {isa = PBXBuildFile; fileRef = EFB70A862AD437D10068FCBC /* File.swift */; };
/* End PBXBuildFile section */

/* Begin PBXContainerItemProxy section */
		71BEFB9E2AD426C9007DD1A6 /* PBXContainerItemProxy */ = {
			isa = PBXContainerItemProxy;
			containerPortal = 71BEFB852AD426C8007DD1A6 /* Project object */;
			proxyType = 1;
			remoteGlobalIDString = 71BEFB8C2AD426C8007DD1A6;
			remoteInfo = Crave;
		};
		71BEFBA82AD426C9007DD1A6 /* PBXContainerItemProxy */ = {
			isa = PBXContainerItemProxy;
			containerPortal = 71BEFB852AD426C8007DD1A6 /* Project object */;
			proxyType = 1;
			remoteGlobalIDString = 71BEFB8C2AD426C8007DD1A6;
			remoteInfo = Crave;
		};
/* End PBXContainerItemProxy section */

/* Begin PBXFileReference section */
		71BEFB8D2AD426C8007DD1A6 /* Crave.app */ = {isa = PBXFileReference; explicitFileType = wrapper.application; includeInIndex = 0; path = Crave.app; sourceTree = BUILT_PRODUCTS_DIR; };
		71BEFB902AD426C8007DD1A6 /* CraveApp.swift */ = {isa = PBXFileReference; lastKnownFileType = sourcecode.swift; path = CraveApp.swift; sourceTree = "<group>"; };
		71BEFB922AD426C8007DD1A6 /* ContentView.swift */ = {isa = PBXFileReference; lastKnownFileType = sourcecode.swift; path = ContentView.swift; sourceTree = "<group>"; };
		71BEFB942AD426C9007DD1A6 /* Assets.xcassets */ = {isa = PBXFileReference; lastKnownFileType = folder.assetcatalog; path = Assets.xcassets; sourceTree = "<group>"; };
		71BEFB972AD426C9007DD1A6 /* Preview Assets.xcassets */ = {isa = PBXFileReference; lastKnownFileType = folder.assetcatalog; path = "Preview Assets.xcassets"; sourceTree = "<group>"; };
		71BEFB9D2AD426C9007DD1A6 /* CraveTests.xctest */ = {isa = PBXFileReference; explicitFileType = wrapper.cfbundle; includeInIndex = 0; path = CraveTests.xctest; sourceTree = BUILT_PRODUCTS_DIR; };
		71BEFBA12AD426C9007DD1A6 /* CraveTests.swift */ = {isa = PBXFileReference; lastKnownFileType = sourcecode.swift; path = CraveTests.swift; sourceTree = "<group>"; };
		71BEFBA72AD426C9007DD1A6 /* CraveUITests.xctest */ = {isa = PBXFileReference; explicitFileType = wrapper.cfbundle; includeInIndex = 0; path = CraveUITests.xctest; sourceTree = BUILT_PRODUCTS_DIR; };
		71BEFBAB2AD426C9007DD1A6 /* CraveUITests.swift */ = {isa = PBXFileReference; lastKnownFileType = sourcecode.swift; path = CraveUITests.swift; sourceTree = "<group>"; };
		71BEFBAD2AD426C9007DD1A6 /* CraveUITestsLaunchTests.swift */ = {isa = PBXFileReference; lastKnownFileType = sourcecode.swift; path = CraveUITestsLaunchTests.swift; sourceTree = "<group>"; };
		71E2CBBD2ADC207C006A3066 /* Swipe.swift */ = {isa = PBXFileReference; lastKnownFileType = sourcecode.swift; path = Swipe.swift; sourceTree = "<group>"; };
		B162B5B52ADD6103000C634F /* PF CHANGS .swift */ = {isa = PBXFileReference; fileEncoding = 4; lastKnownFileType = sourcecode.swift; name = "PF CHANGS .swift"; path = "../../../Desktop/my files /PF CHANGS .swift"; sourceTree = "<group>"; };
		B162B5B62ADD6103000C634F /* Restaurant_InformationApp.swift */ = {isa = PBXFileReference; fileEncoding = 4; lastKnownFileType = sourcecode.swift; name = Restaurant_InformationApp.swift; path = "../../../Desktop/my files /Restaurant_InformationApp.swift"; sourceTree = "<group>"; };
		B162B5B72ADD6103000C634F /* EL CAMINO .swift */ = {isa = PBXFileReference; fileEncoding = 4; lastKnownFileType = sourcecode.swift; name = "EL CAMINO .swift"; path = "../../../Desktop/my files /EL CAMINO .swift"; sourceTree = "<group>"; };
		B162B5B82ADD6103000C634F /* FIRE GRIL .swift */ = {isa = PBXFileReference; fileEncoding = 4; lastKnownFileType = sourcecode.swift; name = "FIRE GRIL .swift"; path = "../../../Desktop/my files /FIRE GRIL .swift"; sourceTree = "<group>"; };
		B162B5B92ADD6103000C634F /* AMIGOS.swift */ = {isa = PBXFileReference; fileEncoding = 4; lastKnownFileType = sourcecode.swift; name = AMIGOS.swift; path = "../../../Desktop/my files /AMIGOS.swift"; sourceTree = "<group>"; };
		B162B5BA2ADD6103000C634F /* TACOSON.swift */ = {isa = PBXFileReference; fileEncoding = 4; lastKnownFileType = sourcecode.swift; name = TACOSON.swift; path = "../../../Desktop/my files /TACOSON.swift"; sourceTree = "<group>"; };
		B162B5BB2ADD6103000C634F /* mohalla.swift */ = {isa = PBXFileReference; fileEncoding = 4; lastKnownFileType = sourcecode.swift; name = mohalla.swift; path = "../../../Desktop/my files /mohalla.swift"; sourceTree = "<group>"; };
		B162B5BC2ADD6103000C634F /* mcdonalds.swift */ = {isa = PBXFileReference; fileEncoding = 4; lastKnownFileType = sourcecode.swift; name = mcdonalds.swift; path = "../../../Desktop/my files /mcdonalds.swift"; sourceTree = "<group>"; };
		B162B5BD2ADD6103000C634F /* MEXIKA.swift */ = {isa = PBXFileReference; fileEncoding = 4; lastKnownFileType = sourcecode.swift; name = MEXIKA.swift; path = "../../../Desktop/my files /MEXIKA.swift"; sourceTree = "<group>"; };
		B162B5BE2ADD6103000C634F /* EL PLACER .swift */ = {isa = PBXFileReference; fileEncoding = 4; lastKnownFileType = sourcecode.swift; name = "EL PLACER .swift"; path = "../../../Desktop/my files /EL PLACER .swift"; sourceTree = "<group>"; };
		B162B5BF2ADD6103000C634F /* TACO HUT .swift */ = {isa = PBXFileReference; fileEncoding = 4; lastKnownFileType = sourcecode.swift; name = "TACO HUT .swift"; path = "../../../Desktop/my files /TACO HUT .swift"; sourceTree = "<group>"; };
		B162B5C02ADD6103000C634F /* Tacoville.swift */ = {isa = PBXFileReference; fileEncoding = 4; lastKnownFileType = sourcecode.swift; name = Tacoville.swift; path = "../../../Desktop/my files /Tacoville.swift"; sourceTree = "<group>"; };
		B162B5C12ADD6103000C634F /* DON RUBEN .swift */ = {isa = PBXFileReference; fileEncoding = 4; lastKnownFileType = sourcecode.swift; name = "DON RUBEN .swift"; path = "../../../Desktop/my files /DON RUBEN .swift"; sourceTree = "<group>"; };
		B162B5C22ADD6103000C634F /* Takya.swift */ = {isa = PBXFileReference; fileEncoding = 4; lastKnownFileType = sourcecode.swift; name = Takya.swift; path = "../../../Desktop/my files /Takya.swift"; sourceTree = "<group>"; };
		B162B5C32ADD6103000C634F /* Piatto.swift */ = {isa = PBXFileReference; fileEncoding = 4; lastKnownFileType = sourcecode.swift; name = Piatto.swift; path = "../../../Desktop/my files /Piatto.swift"; sourceTree = "<group>"; };
		B162B5C42ADD6103000C634F /* Chilis.swift */ = {isa = PBXFileReference; fileEncoding = 4; lastKnownFileType = sourcecode.swift; name = Chilis.swift; path = "../../../Desktop/my files /Chilis.swift"; sourceTree = "<group>"; };
		EC038A1A2ADC2A34007BC8DD /* American.swift */ = {isa = PBXFileReference; lastKnownFileType = sourcecode.swift; path = American.swift; sourceTree = "<group>"; };
		EC038A1C2ADC2A50007BC8DD /* Asian.swift */ = {isa = PBXFileReference; lastKnownFileType = sourcecode.swift; path = Asian.swift; sourceTree = "<group>"; };
		EC038A1E2ADC2A68007BC8DD /* Indian.swift */ = {isa = PBXFileReference; lastKnownFileType = sourcecode.swift; path = Indian.swift; sourceTree = "<group>"; };
		EC038A202ADC2A87007BC8DD /* Italian.swift */ = {isa = PBXFileReference; lastKnownFileType = sourcecode.swift; path = Italian.swift; sourceTree = "<group>"; };
		EC038A222ADC2AA9007BC8DD /* Khaleeji.swift */ = {isa = PBXFileReference; lastKnownFileType = sourcecode.swift; path = Khaleeji.swift; sourceTree = "<group>"; };
		EC038A242ADC2AC4007BC8DD /* Mexican.swift */ = {isa = PBXFileReference; lastKnownFileType = sourcecode.swift; path = Mexican.swift; sourceTree = "<group>"; };
		EC038A262ADC3373007BC8DD /* Cuisines.swift */ = {isa = PBXFileReference; lastKnownFileType = sourcecode.swift; path = Cuisines.swift; sourceTree = "<group>"; };
		EC038A282ADC678D007BC8DD /* Welcome.swift */ = {isa = PBXFileReference; lastKnownFileType = sourcecode.swift; path = Welcome.swift; sourceTree = "<group>"; };
		EFB70A862AD437D10068FCBC /* File.swift */ = {isa = PBXFileReference; lastKnownFileType = sourcecode.swift; path = File.swift; sourceTree = "<group>"; };
/* End PBXFileReference section */

/* Begin PBXFrameworksBuildPhase section */
		71BEFB8A2AD426C8007DD1A6 /* Frameworks */ = {
			isa = PBXFrameworksBuildPhase;
			buildActionMask = 2147483647;
			files = (
				5CEC2A332AD82A18003DF871 /* FortuneWheel in Frameworks */,
			);
			runOnlyForDeploymentPostprocessing = 0;
		};
		71BEFB9A2AD426C9007DD1A6 /* Frameworks */ = {
			isa = PBXFrameworksBuildPhase;
			buildActionMask = 2147483647;
			files = (
			);
			runOnlyForDeploymentPostprocessing = 0;
		};
		71BEFBA42AD426C9007DD1A6 /* Frameworks */ = {
			isa = PBXFrameworksBuildPhase;
			buildActionMask = 2147483647;
			files = (
			);
			runOnlyForDeploymentPostprocessing = 0;
		};
/* End PBXFrameworksBuildPhase section */

/* Begin PBXGroup section */
		71BEFB842AD426C8007DD1A6 = {
			isa = PBXGroup;
			children = (
				EC038A192ADC2A12007BC8DD /* OverLayers */,
				71BEFB8F2AD426C8007DD1A6 /* Crave */,
				71BEFBA02AD426C9007DD1A6 /* CraveTests */,
				71BEFBAA2AD426C9007DD1A6 /* CraveUITests */,
				71BEFB8E2AD426C8007DD1A6 /* Products */,
			);
			sourceTree = "<group>";
		};
		71BEFB8E2AD426C8007DD1A6 /* Products */ = {
			isa = PBXGroup;
			children = (
				71BEFB8D2AD426C8007DD1A6 /* Crave.app */,
				71BEFB9D2AD426C9007DD1A6 /* CraveTests.xctest */,
				71BEFBA72AD426C9007DD1A6 /* CraveUITests.xctest */,
			);
			name = Products;
			sourceTree = "<group>";
		};
		71BEFB8F2AD426C8007DD1A6 /* Crave */ = {
			isa = PBXGroup;
			children = (
				71BEFB902AD426C8007DD1A6 /* CraveApp.swift */,
				B162B5B92ADD6103000C634F /* AMIGOS.swift */,
				B162B5C42ADD6103000C634F /* Chilis.swift */,
				B162B5C12ADD6103000C634F /* DON RUBEN .swift */,
				B162B5B72ADD6103000C634F /* EL CAMINO .swift */,
				B162B5BE2ADD6103000C634F /* EL PLACER .swift */,
				B162B5B82ADD6103000C634F /* FIRE GRIL .swift */,
				B162B5BC2ADD6103000C634F /* mcdonalds.swift */,
				B162B5BD2ADD6103000C634F /* MEXIKA.swift */,
				B162B5BB2ADD6103000C634F /* mohalla.swift */,
				B162B5B52ADD6103000C634F /* PF CHANGS .swift */,
				B162B5C32ADD6103000C634F /* Piatto.swift */,
				B162B5B62ADD6103000C634F /* Restaurant_InformationApp.swift */,
				B162B5BF2ADD6103000C634F /* TACO HUT .swift */,
				B162B5BA2ADD6103000C634F /* TACOSON.swift */,
				B162B5C02ADD6103000C634F /* Tacoville.swift */,
				B162B5C22ADD6103000C634F /* Takya.swift */,
				71BEFB922AD426C8007DD1A6 /* ContentView.swift */,
				71BEFB942AD426C9007DD1A6 /* Assets.xcassets */,
				71E2CBBD2ADC207C006A3066 /* Swipe.swift */,
				71BEFB962AD426C9007DD1A6 /* Preview Content */,
			);
			path = Crave;
			sourceTree = "<group>";
		};
		71BEFB962AD426C9007DD1A6 /* Preview Content */ = {
			isa = PBXGroup;
			children = (
				71BEFB972AD426C9007DD1A6 /* Preview Assets.xcassets */,
			);
			path = "Preview Content";
			sourceTree = "<group>";
		};
		71BEFBA02AD426C9007DD1A6 /* CraveTests */ = {
			isa = PBXGroup;
			children = (
				71BEFBA12AD426C9007DD1A6 /* CraveTests.swift */,
			);
			path = CraveTests;
			sourceTree = "<group>";
		};
		71BEFBAA2AD426C9007DD1A6 /* CraveUITests */ = {
			isa = PBXGroup;
			children = (
				71BEFBAB2AD426C9007DD1A6 /* CraveUITests.swift */,
				71BEFBAD2AD426C9007DD1A6 /* CraveUITestsLaunchTests.swift */,
				EFB70A862AD437D10068FCBC /* File.swift */,
			);
			path = CraveUITests;
			sourceTree = "<group>";
		};
		EC038A192ADC2A12007BC8DD /* OverLayers */ = {
			isa = PBXGroup;
			children = (
				EC038A1A2ADC2A34007BC8DD /* American.swift */,
				EC038A1C2ADC2A50007BC8DD /* Asian.swift */,
				EC038A1E2ADC2A68007BC8DD /* Indian.swift */,
				EC038A202ADC2A87007BC8DD /* Italian.swift */,
				EC038A222ADC2AA9007BC8DD /* Khaleeji.swift */,
				EC038A242ADC2AC4007BC8DD /* Mexican.swift */,
				EC038A262ADC3373007BC8DD /* Cuisines.swift */,
				EC038A282ADC678D007BC8DD /* Welcome.swift */,
			);
			path = OverLayers;
			sourceTree = "<group>";
		};
/* End PBXGroup section */

/* Begin PBXNativeTarget section */
		71BEFB8C2AD426C8007DD1A6 /* Crave */ = {
			isa = PBXNativeTarget;
			buildConfigurationList = 71BEFBB12AD426C9007DD1A6 /* Build configuration list for PBXNativeTarget "Crave" */;
			buildPhases = (
				71BEFB892AD426C8007DD1A6 /* Sources */,
				71BEFB8A2AD426C8007DD1A6 /* Frameworks */,
				71BEFB8B2AD426C8007DD1A6 /* Resources */,
			);
			buildRules = (
			);
			dependencies = (
			);
			name = Crave;
			packageProductDependencies = (
				5CEC2A322AD82A18003DF871 /* FortuneWheel */,
			);
			productName = Crave;
			productReference = 71BEFB8D2AD426C8007DD1A6 /* Crave.app */;
			productType = "com.apple.product-type.application";
		};
		71BEFB9C2AD426C9007DD1A6 /* CraveTests */ = {
			isa = PBXNativeTarget;
			buildConfigurationList = 71BEFBB42AD426C9007DD1A6 /* Build configuration list for PBXNativeTarget "CraveTests" */;
			buildPhases = (
				71BEFB992AD426C9007DD1A6 /* Sources */,
				71BEFB9A2AD426C9007DD1A6 /* Frameworks */,
				71BEFB9B2AD426C9007DD1A6 /* Resources */,
			);
			buildRules = (
			);
			dependencies = (
				71BEFB9F2AD426C9007DD1A6 /* PBXTargetDependency */,
			);
			name = CraveTests;
			productName = CraveTests;
			productReference = 71BEFB9D2AD426C9007DD1A6 /* CraveTests.xctest */;
			productType = "com.apple.product-type.bundle.unit-test";
		};
		71BEFBA62AD426C9007DD1A6 /* CraveUITests */ = {
			isa = PBXNativeTarget;
			buildConfigurationList = 71BEFBB72AD426C9007DD1A6 /* Build configuration list for PBXNativeTarget "CraveUITests" */;
			buildPhases = (
				71BEFBA32AD426C9007DD1A6 /* Sources */,
				71BEFBA42AD426C9007DD1A6 /* Frameworks */,
				71BEFBA52AD426C9007DD1A6 /* Resources */,
			);
			buildRules = (
			);
			dependencies = (
				71BEFBA92AD426C9007DD1A6 /* PBXTargetDependency */,
			);
			name = CraveUITests;
			productName = CraveUITests;
			productReference = 71BEFBA72AD426C9007DD1A6 /* CraveUITests.xctest */;
			productType = "com.apple.product-type.bundle.ui-testing";
		};
/* End PBXNativeTarget section */

/* Begin PBXProject section */
		71BEFB852AD426C8007DD1A6 /* Project object */ = {
			isa = PBXProject;
			attributes = {
				BuildIndependentTargetsInParallel = 1;
				LastSwiftUpdateCheck = 1500;
				LastUpgradeCheck = 1500;
				TargetAttributes = {
					71BEFB8C2AD426C8007DD1A6 = {
						CreatedOnToolsVersion = 15.0;
					};
					71BEFB9C2AD426C9007DD1A6 = {
						CreatedOnToolsVersion = 15.0;
						TestTargetID = 71BEFB8C2AD426C8007DD1A6;
					};
					71BEFBA62AD426C9007DD1A6 = {
						CreatedOnToolsVersion = 15.0;
						TestTargetID = 71BEFB8C2AD426C8007DD1A6;
					};
				};
			};
			buildConfigurationList = 71BEFB882AD426C8007DD1A6 /* Build configuration list for PBXProject "Crave" */;
			compatibilityVersion = "Xcode 14.0";
			developmentRegion = en;
			hasScannedForEncodings = 0;
			knownRegions = (
				en,
				Base,
			);
			mainGroup = 71BEFB842AD426C8007DD1A6;
			packageReferences = (
				5CEC2A312AD82A18003DF871 /* XCRemoteSwiftPackageReference "FortuneWheel" */,
			);
			productRefGroup = 71BEFB8E2AD426C8007DD1A6 /* Products */;
			projectDirPath = "";
			projectRoot = "";
			targets = (
				71BEFB8C2AD426C8007DD1A6 /* Crave */,
				71BEFB9C2AD426C9007DD1A6 /* CraveTests */,
				71BEFBA62AD426C9007DD1A6 /* CraveUITests */,
			);
		};
/* End PBXProject section */

/* Begin PBXResourcesBuildPhase section */
		71BEFB8B2AD426C8007DD1A6 /* Resources */ = {
			isa = PBXResourcesBuildPhase;
			buildActionMask = 2147483647;
			files = (
				71BEFB982AD426C9007DD1A6 /* Preview Assets.xcassets in Resources */,
				71BEFB952AD426C9007DD1A6 /* Assets.xcassets in Resources */,
			);
			runOnlyForDeploymentPostprocessing = 0;
		};
		71BEFB9B2AD426C9007DD1A6 /* Resources */ = {
			isa = PBXResourcesBuildPhase;
			buildActionMask = 2147483647;
			files = (
			);
			runOnlyForDeploymentPostprocessing = 0;
		};
		71BEFBA52AD426C9007DD1A6 /* Resources */ = {
			isa = PBXResourcesBuildPhase;
			buildActionMask = 2147483647;
			files = (
			);
			runOnlyForDeploymentPostprocessing = 0;
		};
/* End PBXResourcesBuildPhase section */

/* Begin PBXSourcesBuildPhase section */
		71BEFB892AD426C8007DD1A6 /* Sources */ = {
			isa = PBXSourcesBuildPhase;
			buildActionMask = 2147483647;
			files = (
				71E2CBBE2ADC207C006A3066 /* Swipe.swift in Sources */,
				B162B5C52ADD6103000C634F /* PF CHANGS .swift in Sources */,
				EC038A292ADC678D007BC8DD /* Welcome.swift in Sources */,
				EC038A1B2ADC2A34007BC8DD /* American.swift in Sources */,
				EC038A252ADC2AC4007BC8DD /* Mexican.swift in Sources */,
				EC038A1F2ADC2A68007BC8DD /* Indian.swift in Sources */,
				B162B5CE2ADD6103000C634F /* EL PLACER .swift in Sources */,
				71BEFB932AD426C8007DD1A6 /* ContentView.swift in Sources */,
				B162B5D12ADD6103000C634F /* DON RUBEN .swift in Sources */,
				B162B5CA2ADD6103000C634F /* TACOSON.swift in Sources */,
				B162B5C92ADD6103000C634F /* AMIGOS.swift in Sources */,
				B162B5D22ADD6103000C634F /* Takya.swift in Sources */,
				B162B5CF2ADD6103000C634F /* TACO HUT .swift in Sources */,
				B162B5C72ADD6103000C634F /* EL CAMINO .swift in Sources */,
				B162B5D42ADD6103000C634F /* Chilis.swift in Sources */,
				B162B5C62ADD6103000C634F /* Restaurant_InformationApp.swift in Sources */,
				B162B5C82ADD6103000C634F /* FIRE GRIL .swift in Sources */,
				B162B5CB2ADD6103000C634F /* mohalla.swift in Sources */,
				71BEFB912AD426C8007DD1A6 /* CraveApp.swift in Sources */,
				B162B5CD2ADD6103000C634F /* MEXIKA.swift in Sources */,
				EC038A272ADC3374007BC8DD /* Cuisines.swift in Sources */,
				B162B5D32ADD6103000C634F /* Piatto.swift in Sources */,
				B162B5D02ADD6103000C634F /* Tacoville.swift in Sources */,
				EC038A1D2ADC2A50007BC8DD /* Asian.swift in Sources */,
				B162B5CC2ADD6103000C634F /* mcdonalds.swift in Sources */,
				EC038A232ADC2AA9007BC8DD /* Khaleeji.swift in Sources */,
				EC038A212ADC2A87007BC8DD /* Italian.swift in Sources */,
			);
			runOnlyForDeploymentPostprocessing = 0;
		};
		71BEFB992AD426C9007DD1A6 /* Sources */ = {
			isa = PBXSourcesBuildPhase;
			buildActionMask = 2147483647;
			files = (
				71BEFBA22AD426C9007DD1A6 /* CraveTests.swift in Sources */,
			);
			runOnlyForDeploymentPostprocessing = 0;
		};
		71BEFBA32AD426C9007DD1A6 /* Sources */ = {
			isa = PBXSourcesBuildPhase;
			buildActionMask = 2147483647;
			files = (
				71BEFBAE2AD426C9007DD1A6 /* CraveUITestsLaunchTests.swift in Sources */,
				EFB70A872AD437D10068FCBC /* File.swift in Sources */,
				71BEFBAC2AD426C9007DD1A6 /* CraveUITests.swift in Sources */,
			);
			runOnlyForDeploymentPostprocessing = 0;
		};
/* End PBXSourcesBuildPhase section */

/* Begin PBXTargetDependency section */
		71BEFB9F2AD426C9007DD1A6 /* PBXTargetDependency */ = {
			isa = PBXTargetDependency;
			target = 71BEFB8C2AD426C8007DD1A6 /* Crave */;
			targetProxy = 71BEFB9E2AD426C9007DD1A6 /* PBXContainerItemProxy */;
		};
		71BEFBA92AD426C9007DD1A6 /* PBXTargetDependency */ = {
			isa = PBXTargetDependency;
			target = 71BEFB8C2AD426C8007DD1A6 /* Crave */;
			targetProxy = 71BEFBA82AD426C9007DD1A6 /* PBXContainerItemProxy */;
		};
/* End PBXTargetDependency section */

/* Begin XCBuildConfiguration section */
		71BEFBAF2AD426C9007DD1A6 /* Debug */ = {
			isa = XCBuildConfiguration;
			buildSettings = {
				ALWAYS_SEARCH_USER_PATHS = NO;
				ASSETCATALOG_COMPILER_GENERATE_SWIFT_ASSET_SYMBOL_EXTENSIONS = YES;
				CLANG_ANALYZER_NONNULL = YES;
				CLANG_ANALYZER_NUMBER_OBJECT_CONVERSION = YES_AGGRESSIVE;
				CLANG_CXX_LANGUAGE_STANDARD = "gnu++20";
				CLANG_ENABLE_MODULES = YES;
				CLANG_ENABLE_OBJC_ARC = YES;
				CLANG_ENABLE_OBJC_WEAK = YES;
				CLANG_WARN_BLOCK_CAPTURE_AUTORELEASING = YES;
				CLANG_WARN_BOOL_CONVERSION = YES;
				CLANG_WARN_COMMA = YES;
				CLANG_WARN_CONSTANT_CONVERSION = YES;
				CLANG_WARN_DEPRECATED_OBJC_IMPLEMENTATIONS = YES;
				CLANG_WARN_DIRECT_OBJC_ISA_USAGE = YES_ERROR;
				CLANG_WARN_DOCUMENTATION_COMMENTS = YES;
				CLANG_WARN_EMPTY_BODY = YES;
				CLANG_WARN_ENUM_CONVERSION = YES;
				CLANG_WARN_INFINITE_RECURSION = YES;
				CLANG_WARN_INT_CONVERSION = YES;
				CLANG_WARN_NON_LITERAL_NULL_CONVERSION = YES;
				CLANG_WARN_OBJC_IMPLICIT_RETAIN_SELF = YES;
				CLANG_WARN_OBJC_LITERAL_CONVERSION = YES;
				CLANG_WARN_OBJC_ROOT_CLASS = YES_ERROR;
				CLANG_WARN_QUOTED_INCLUDE_IN_FRAMEWORK_HEADER = YES;
				CLANG_WARN_RANGE_LOOP_ANALYSIS = YES;
				CLANG_WARN_STRICT_PROTOTYPES = YES;
				CLANG_WARN_SUSPICIOUS_MOVE = YES;
				CLANG_WARN_UNGUARDED_AVAILABILITY = YES_AGGRESSIVE;
				CLANG_WARN_UNREACHABLE_CODE = YES;
				CLANG_WARN__DUPLICATE_METHOD_MATCH = YES;
				COPY_PHASE_STRIP = NO;
				DEBUG_INFORMATION_FORMAT = dwarf;
				ENABLE_STRICT_OBJC_MSGSEND = YES;
				ENABLE_TESTABILITY = YES;
				ENABLE_USER_SCRIPT_SANDBOXING = YES;
				GCC_C_LANGUAGE_STANDARD = gnu17;
				GCC_DYNAMIC_NO_PIC = NO;
				GCC_NO_COMMON_BLOCKS = YES;
				GCC_OPTIMIZATION_LEVEL = 0;
				GCC_PREPROCESSOR_DEFINITIONS = (
					"DEBUG=1",
					"$(inherited)",
				);
				GCC_WARN_64_TO_32_BIT_CONVERSION = YES;
				GCC_WARN_ABOUT_RETURN_TYPE = YES_ERROR;
				GCC_WARN_UNDECLARED_SELECTOR = YES;
				GCC_WARN_UNINITIALIZED_AUTOS = YES_AGGRESSIVE;
				GCC_WARN_UNUSED_FUNCTION = YES;
				GCC_WARN_UNUSED_VARIABLE = YES;
				IPHONEOS_DEPLOYMENT_TARGET = 17.0;
				LOCALIZATION_PREFERS_STRING_CATALOGS = YES;
				MTL_ENABLE_DEBUG_INFO = INCLUDE_SOURCE;
				MTL_FAST_MATH = YES;
				ONLY_ACTIVE_ARCH = YES;
				SDKROOT = iphoneos;
				SWIFT_ACTIVE_COMPILATION_CONDITIONS = "DEBUG $(inherited)";
				SWIFT_OPTIMIZATION_LEVEL = "-Onone";
			};
			name = Debug;
		};
		71BEFBB02AD426C9007DD1A6 /* Release */ = {
			isa = XCBuildConfiguration;
			buildSettings = {
				ALWAYS_SEARCH_USER_PATHS = NO;
				ASSETCATALOG_COMPILER_GENERATE_SWIFT_ASSET_SYMBOL_EXTENSIONS = YES;
				CLANG_ANALYZER_NONNULL = YES;
				CLANG_ANALYZER_NUMBER_OBJECT_CONVERSION = YES_AGGRESSIVE;
				CLANG_CXX_LANGUAGE_STANDARD = "gnu++20";
				CLANG_ENABLE_MODULES = YES;
				CLANG_ENABLE_OBJC_ARC = YES;
				CLANG_ENABLE_OBJC_WEAK = YES;
				CLANG_WARN_BLOCK_CAPTURE_AUTORELEASING = YES;
				CLANG_WARN_BOOL_CONVERSION = YES;
				CLANG_WARN_COMMA = YES;
				CLANG_WARN_CONSTANT_CONVERSION = YES;
				CLANG_WARN_DEPRECATED_OBJC_IMPLEMENTATIONS = YES;
				CLANG_WARN_DIRECT_OBJC_ISA_USAGE = YES_ERROR;
				CLANG_WARN_DOCUMENTATION_COMMENTS = YES;
				CLANG_WARN_EMPTY_BODY = YES;
				CLANG_WARN_ENUM_CONVERSION = YES;
				CLANG_WARN_INFINITE_RECURSION = YES;
				CLANG_WARN_INT_CONVERSION = YES;
				CLANG_WARN_NON_LITERAL_NULL_CONVERSION = YES;
				CLANG_WARN_OBJC_IMPLICIT_RETAIN_SELF = YES;
				CLANG_WARN_OBJC_LITERAL_CONVERSION = YES;
				CLANG_WARN_OBJC_ROOT_CLASS = YES_ERROR;
				CLANG_WARN_QUOTED_INCLUDE_IN_FRAMEWORK_HEADER = YES;
				CLANG_WARN_RANGE_LOOP_ANALYSIS = YES;
				CLANG_WARN_STRICT_PROTOTYPES = YES;
				CLANG_WARN_SUSPICIOUS_MOVE = YES;
				CLANG_WARN_UNGUARDED_AVAILABILITY = YES_AGGRESSIVE;
				CLANG_WARN_UNREACHABLE_CODE = YES;
				CLANG_WARN__DUPLICATE_METHOD_MATCH = YES;
				COPY_PHASE_STRIP = NO;
				DEBUG_INFORMATION_FORMAT = "dwarf-with-dsym";
				ENABLE_NS_ASSERTIONS = NO;
				ENABLE_STRICT_OBJC_MSGSEND = YES;
				ENABLE_USER_SCRIPT_SANDBOXING = YES;
				GCC_C_LANGUAGE_STANDARD = gnu17;
				GCC_NO_COMMON_BLOCKS = YES;
				GCC_WARN_64_TO_32_BIT_CONVERSION = YES;
				GCC_WARN_ABOUT_RETURN_TYPE = YES_ERROR;
				GCC_WARN_UNDECLARED_SELECTOR = YES;
				GCC_WARN_UNINITIALIZED_AUTOS = YES_AGGRESSIVE;
				GCC_WARN_UNUSED_FUNCTION = YES;
				GCC_WARN_UNUSED_VARIABLE = YES;
				IPHONEOS_DEPLOYMENT_TARGET = 17.0;
				LOCALIZATION_PREFERS_STRING_CATALOGS = YES;
				MTL_ENABLE_DEBUG_INFO = NO;
				MTL_FAST_MATH = YES;
				SDKROOT = iphoneos;
				SWIFT_COMPILATION_MODE = wholemodule;
				VALIDATE_PRODUCT = YES;
			};
			name = Release;
		};
		71BEFBB22AD426C9007DD1A6 /* Debug */ = {
			isa = XCBuildConfiguration;
			buildSettings = {
				ASSETCATALOG_COMPILER_APPICON_NAME = AppIcon;
				ASSETCATALOG_COMPILER_GLOBAL_ACCENT_COLOR_NAME = AccentColor;
				CODE_SIGN_STYLE = Automatic;
				CURRENT_PROJECT_VERSION = 1;
				DEVELOPMENT_ASSET_PATHS = "\"Crave/Preview Content\"";
				DEVELOPMENT_TEAM = 8PRM5XA7ZM;
				ENABLE_PREVIEWS = YES;
				GENERATE_INFOPLIST_FILE = YES;
				INFOPLIST_KEY_UIApplicationSceneManifest_Generation = YES;
				INFOPLIST_KEY_UIApplicationSupportsIndirectInputEvents = YES;
				INFOPLIST_KEY_UILaunchScreen_Generation = YES;
				INFOPLIST_KEY_UISupportedInterfaceOrientations_iPad = "UIInterfaceOrientationPortrait UIInterfaceOrientationPortraitUpsideDown UIInterfaceOrientationLandscapeLeft UIInterfaceOrientationLandscapeRight";
				INFOPLIST_KEY_UISupportedInterfaceOrientations_iPhone = "UIInterfaceOrientationPortrait UIInterfaceOrientationLandscapeLeft UIInterfaceOrientationLandscapeRight";
				LD_RUNPATH_SEARCH_PATHS = (
					"$(inherited)",
					"@executable_path/Frameworks",
				);
				MARKETING_VERSION = 1.0;
				PRODUCT_BUNDLE_IDENTIFIER = com.Jood.Crave;
				PRODUCT_NAME = "$(TARGET_NAME)";
				SWIFT_EMIT_LOC_STRINGS = YES;
				SWIFT_VERSION = 5.0;
				TARGETED_DEVICE_FAMILY = "1,2";
			};
			name = Debug;
		};
		71BEFBB32AD426C9007DD1A6 /* Release */ = {
			isa = XCBuildConfiguration;
			buildSettings = {
				ASSETCATALOG_COMPILER_APPICON_NAME = AppIcon;
				ASSETCATALOG_COMPILER_GLOBAL_ACCENT_COLOR_NAME = AccentColor;
				CODE_SIGN_STYLE = Automatic;
				CURRENT_PROJECT_VERSION = 1;
				DEVELOPMENT_ASSET_PATHS = "\"Crave/Preview Content\"";
				DEVELOPMENT_TEAM = 8PRM5XA7ZM;
				ENABLE_PREVIEWS = YES;
				GENERATE_INFOPLIST_FILE = YES;
				INFOPLIST_KEY_UIApplicationSceneManifest_Generation = YES;
				INFOPLIST_KEY_UIApplicationSupportsIndirectInputEvents = YES;
				INFOPLIST_KEY_UILaunchScreen_Generation = YES;
				INFOPLIST_KEY_UISupportedInterfaceOrientations_iPad = "UIInterfaceOrientationPortrait UIInterfaceOrientationPortraitUpsideDown UIInterfaceOrientationLandscapeLeft UIInterfaceOrientationLandscapeRight";
				INFOPLIST_KEY_UISupportedInterfaceOrientations_iPhone = "UIInterfaceOrientationPortrait UIInterfaceOrientationLandscapeLeft UIInterfaceOrientationLandscapeRight";
				LD_RUNPATH_SEARCH_PATHS = (
					"$(inherited)",
					"@executable_path/Frameworks",
				);
				MARKETING_VERSION = 1.0;
				PRODUCT_BUNDLE_IDENTIFIER = com.Jood.Crave;
				PRODUCT_NAME = "$(TARGET_NAME)";
				SWIFT_EMIT_LOC_STRINGS = YES;
				SWIFT_VERSION = 5.0;
				TARGETED_DEVICE_FAMILY = "1,2";
			};
			name = Release;
		};
		71BEFBB52AD426C9007DD1A6 /* Debug */ = {
			isa = XCBuildConfiguration;
			buildSettings = {
				ALWAYS_EMBED_SWIFT_STANDARD_LIBRARIES = YES;
				BUNDLE_LOADER = "$(TEST_HOST)";
				CODE_SIGN_STYLE = Automatic;
				CURRENT_PROJECT_VERSION = 1;
				DEVELOPMENT_TEAM = 8PRM5XA7ZM;
				GENERATE_INFOPLIST_FILE = YES;
				IPHONEOS_DEPLOYMENT_TARGET = 17.0;
				MARKETING_VERSION = 1.0;
				PRODUCT_BUNDLE_IDENTIFIER = com.Jood.CraveTests;
				PRODUCT_NAME = "$(TARGET_NAME)";
				SWIFT_EMIT_LOC_STRINGS = NO;
				SWIFT_VERSION = 5.0;
				TARGETED_DEVICE_FAMILY = "1,2";
				TEST_HOST = "$(BUILT_PRODUCTS_DIR)/Crave.app/$(BUNDLE_EXECUTABLE_FOLDER_PATH)/Crave";
			};
			name = Debug;
		};
		71BEFBB62AD426C9007DD1A6 /* Release */ = {
			isa = XCBuildConfiguration;
			buildSettings = {
				ALWAYS_EMBED_SWIFT_STANDARD_LIBRARIES = YES;
				BUNDLE_LOADER = "$(TEST_HOST)";
				CODE_SIGN_STYLE = Automatic;
				CURRENT_PROJECT_VERSION = 1;
				DEVELOPMENT_TEAM = 8PRM5XA7ZM;
				GENERATE_INFOPLIST_FILE = YES;
				IPHONEOS_DEPLOYMENT_TARGET = 17.0;
				MARKETING_VERSION = 1.0;
				PRODUCT_BUNDLE_IDENTIFIER = com.Jood.CraveTests;
				PRODUCT_NAME = "$(TARGET_NAME)";
				SWIFT_EMIT_LOC_STRINGS = NO;
				SWIFT_VERSION = 5.0;
				TARGETED_DEVICE_FAMILY = "1,2";
				TEST_HOST = "$(BUILT_PRODUCTS_DIR)/Crave.app/$(BUNDLE_EXECUTABLE_FOLDER_PATH)/Crave";
			};
			name = Release;
		};
		71BEFBB82AD426C9007DD1A6 /* Debug */ = {
			isa = XCBuildConfiguration;
			buildSettings = {
				ALWAYS_EMBED_SWIFT_STANDARD_LIBRARIES = YES;
				CODE_SIGN_STYLE = Automatic;
				CURRENT_PROJECT_VERSION = 1;
				DEVELOPMENT_TEAM = 8PRM5XA7ZM;
				GENERATE_INFOPLIST_FILE = YES;
				MARKETING_VERSION = 1.0;
				PRODUCT_BUNDLE_IDENTIFIER = com.Jood.CraveUITests;
				PRODUCT_NAME = "$(TARGET_NAME)";
				SWIFT_EMIT_LOC_STRINGS = NO;
				SWIFT_VERSION = 5.0;
				TARGETED_DEVICE_FAMILY = "1,2";
				TEST_TARGET_NAME = Crave;
			};
			name = Debug;
		};
		71BEFBB92AD426C9007DD1A6 /* Release */ = {
			isa = XCBuildConfiguration;
			buildSettings = {
				ALWAYS_EMBED_SWIFT_STANDARD_LIBRARIES = YES;
				CODE_SIGN_STYLE = Automatic;
				CURRENT_PROJECT_VERSION = 1;
				DEVELOPMENT_TEAM = 8PRM5XA7ZM;
				GENERATE_INFOPLIST_FILE = YES;
				MARKETING_VERSION = 1.0;
				PRODUCT_BUNDLE_IDENTIFIER = com.Jood.CraveUITests;
				PRODUCT_NAME = "$(TARGET_NAME)";
				SWIFT_EMIT_LOC_STRINGS = NO;
				SWIFT_VERSION = 5.0;
				TARGETED_DEVICE_FAMILY = "1,2";
				TEST_TARGET_NAME = Crave;
			};
			name = Release;
		};
/* End XCBuildConfiguration section */

/* Begin XCConfigurationList section */
		71BEFB882AD426C8007DD1A6 /* Build configuration list for PBXProject "Crave" */ = {
			isa = XCConfigurationList;
			buildConfigurations = (
				71BEFBAF2AD426C9007DD1A6 /* Debug */,
				71BEFBB02AD426C9007DD1A6 /* Release */,
			);
			defaultConfigurationIsVisible = 0;
			defaultConfigurationName = Release;
		};
		71BEFBB12AD426C9007DD1A6 /* Build configuration list for PBXNativeTarget "Crave" */ = {
			isa = XCConfigurationList;
			buildConfigurations = (
				71BEFBB22AD426C9007DD1A6 /* Debug */,
				71BEFBB32AD426C9007DD1A6 /* Release */,
			);
			defaultConfigurationIsVisible = 0;
			defaultConfigurationName = Release;
		};
		71BEFBB42AD426C9007DD1A6 /* Build configuration list for PBXNativeTarget "CraveTests" */ = {
			isa = XCConfigurationList;
			buildConfigurations = (
				71BEFBB52AD426C9007DD1A6 /* Debug */,
				71BEFBB62AD426C9007DD1A6 /* Release */,
			);
			defaultConfigurationIsVisible = 0;
			defaultConfigurationName = Release;
		};
		71BEFBB72AD426C9007DD1A6 /* Build configuration list for PBXNativeTarget "CraveUITests" */ = {
			isa = XCConfigurationList;
			buildConfigurations = (
				71BEFBB82AD426C9007DD1A6 /* Debug */,
				71BEFBB92AD426C9007DD1A6 /* Release */,
			);
			defaultConfigurationIsVisible = 0;
			defaultConfigurationName = Release;
		};
/* End XCConfigurationList section */

/* Begin XCRemoteSwiftPackageReference section */
		5CEC2A312AD82A18003DF871 /* XCRemoteSwiftPackageReference "FortuneWheel" */ = {
			isa = XCRemoteSwiftPackageReference;
			repositoryURL = "https://github.com/sameersyd/FortuneWheel.git";
			requirement = {
				kind = upToNextMajorVersion;
				minimumVersion = 0.1.5;
			};
		};
/* End XCRemoteSwiftPackageReference section */

/* Begin XCSwiftPackageProductDependency section */
		5CEC2A322AD82A18003DF871 /* FortuneWheel */ = {
			isa = XCSwiftPackageProductDependency;
			package = 5CEC2A312AD82A18003DF871 /* XCRemoteSwiftPackageReference "FortuneWheel" */;
			productName = FortuneWheel;
		};
/* End XCSwiftPackageProductDependency section */
	};
	rootObject = 71BEFB852AD426C8007DD1A6 /* Project object */;
}
